// !$*UTF8*$!
{
	archiveVersion = 1;
	classes = {
	};
	objectVersion = 56;
	objects = {

/* Begin PBXBuildFile section */
		026507122ACE286600F7C14E /* 11.png in Resources */ = {isa = PBXBuildFile; fileRef = 026507112ACE286600F7C14E /* 11.png */; };
		026507142ACE2A0E00F7C14E /* 12.png in Resources */ = {isa = PBXBuildFile; fileRef = 026507132ACE2A0E00F7C14E /* 12.png */; };
		026507162ACE39E100F7C14E /* CalculatorBrain.swift in Sources */ = {isa = PBXBuildFile; fileRef = 026507152ACE39E100F7C14E /* CalculatorBrain.swift */; };
		026EFF892ACA5AF50086FE6A /* CalculatorButton.swift in Sources */ = {isa = PBXBuildFile; fileRef = 026EFF882ACA5AF50086FE6A /* CalculatorButton.swift */; };
		027221552AC91F7F0013832C /* AppDelegate.swift in Sources */ = {isa = PBXBuildFile; fileRef = 027221542AC91F7F0013832C /* AppDelegate.swift */; };
		027221592AC91F7F0013832C /* ViewController.swift in Sources */ = {isa = PBXBuildFile; fileRef = 027221582AC91F7F0013832C /* ViewController.swift */; };
		0272215E2AC91F800013832C /* Assets.xcassets in Resources */ = {isa = PBXBuildFile; fileRef = 0272215D2AC91F800013832C /* Assets.xcassets */; };
		027221612AC91F800013832C /* LaunchScreen.storyboard in Resources */ = {isa = PBXBuildFile; fileRef = 0272215F2AC91F800013832C /* LaunchScreen.storyboard */; };
		029717462ACBB0B60057C555 /* CalculatorViewController.swift in Sources */ = {isa = PBXBuildFile; fileRef = 029717452ACBB0B60057C555 /* CalculatorViewController.swift */; };
		029717482ACBB8D50057C555 /* 01.png in Resources */ = {isa = PBXBuildFile; fileRef = 029717472ACBB8D50057C555 /* 01.png */; };
		0297174B2ACBBAB60057C555 /* 02.png in Resources */ = {isa = PBXBuildFile; fileRef = 0297174A2ACBBAB60057C555 /* 02.png */; };
		0297174D2ACBBAF80057C555 /* 03.png in Resources */ = {isa = PBXBuildFile; fileRef = 0297174C2ACBBAF80057C555 /* 03.png */; };
		0297174F2ACBBC290057C555 /* 04.png in Resources */ = {isa = PBXBuildFile; fileRef = 0297174E2ACBBC290057C555 /* 04.png */; };
		029717512ACBBC880057C555 /* 05.png in Resources */ = {isa = PBXBuildFile; fileRef = 029717502ACBBC880057C555 /* 05.png */; };
		029717532ACBBE590057C555 /* 06.png in Resources */ = {isa = PBXBuildFile; fileRef = 029717522ACBBE590057C555 /* 06.png */; };
		02CA1A672ACDB0C3004E9721 /* 07.png in Resources */ = {isa = PBXBuildFile; fileRef = 02CA1A662ACDB0C3004E9721 /* 07.png */; };
		02CA1A692ACDBACA004E9721 /* 08.png in Resources */ = {isa = PBXBuildFile; fileRef = 02CA1A682ACDBACA004E9721 /* 08.png */; };
		02CA1A6B2ACDBDC9004E9721 /* 09.png in Resources */ = {isa = PBXBuildFile; fileRef = 02CA1A6A2ACDBDC9004E9721 /* 09.png */; };
		02CA1A6D2ACDC6F1004E9721 /* 10.png in Resources */ = {isa = PBXBuildFile; fileRef = 02CA1A6C2ACDC6F1004E9721 /* 10.png */; };
/* End PBXBuildFile section */

/* Begin PBXFileReference section */
		026507112ACE286600F7C14E /* 11.png */ = {isa = PBXFileReference; lastKnownFileType = image.png; path = 11.png; sourceTree = "<group>"; };
		026507132ACE2A0E00F7C14E /* 12.png */ = {isa = PBXFileReference; lastKnownFileType = image.png; path = 12.png; sourceTree = "<group>"; };
		026507152ACE39E100F7C14E /* CalculatorBrain.swift */ = {isa = PBXFileReference; lastKnownFileType = sourcecode.swift; path = CalculatorBrain.swift; sourceTree = "<group>"; };
		026EFF882ACA5AF50086FE6A /* CalculatorButton.swift */ = {isa = PBXFileReference; lastKnownFileType = sourcecode.swift; path = CalculatorButton.swift; sourceTree = "<group>"; };
		027221512AC91F7F0013832C /* Calculator.app */ = {isa = PBXFileReference; explicitFileType = wrapper.application; includeInIndex = 0; path = Calculator.app; sourceTree = BUILT_PRODUCTS_DIR; };
		027221542AC91F7F0013832C /* AppDelegate.swift */ = {isa = PBXFileReference; lastKnownFileType = sourcecode.swift; path = AppDelegate.swift; sourceTree = "<group>"; };
		027221582AC91F7F0013832C /* ViewController.swift */ = {isa = PBXFileReference; lastKnownFileType = sourcecode.swift; path = ViewController.swift; sourceTree = "<group>"; };
		0272215D2AC91F800013832C /* Assets.xcassets */ = {isa = PBXFileReference; lastKnownFileType = folder.assetcatalog; path = Assets.xcassets; sourceTree = "<group>"; };
		027221602AC91F800013832C /* Base */ = {isa = PBXFileReference; lastKnownFileType = file.storyboard; name = Base; path = Base.lproj/LaunchScreen.storyboard; sourceTree = "<group>"; };
		027221622AC91F800013832C /* Info.plist */ = {isa = PBXFileReference; lastKnownFileType = text.plist.xml; path = Info.plist; sourceTree = "<group>"; };
		027221682AC920C30013832C /* README.md */ = {isa = PBXFileReference; lastKnownFileType = net.daringfireball.markdown; path = README.md; sourceTree = "<group>"; };
		029717452ACBB0B60057C555 /* CalculatorViewController.swift */ = {isa = PBXFileReference; lastKnownFileType = sourcecode.swift; path = CalculatorViewController.swift; sourceTree = "<group>"; };
		029717472ACBB8D50057C555 /* 01.png */ = {isa = PBXFileReference; lastKnownFileType = image.png; path = 01.png; sourceTree = "<group>"; };
		0297174A2ACBBAB60057C555 /* 02.png */ = {isa = PBXFileReference; lastKnownFileType = image.png; path = 02.png; sourceTree = "<group>"; };
		0297174C2ACBBAF80057C555 /* 03.png */ = {isa = PBXFileReference; lastKnownFileType = image.png; path = 03.png; sourceTree = "<group>"; };
		0297174E2ACBBC290057C555 /* 04.png */ = {isa = PBXFileReference; lastKnownFileType = image.png; path = 04.png; sourceTree = "<group>"; };
		029717502ACBBC880057C555 /* 05.png */ = {isa = PBXFileReference; lastKnownFileType = image.png; path = 05.png; sourceTree = "<group>"; };
		029717522ACBBE590057C555 /* 06.png */ = {isa = PBXFileReference; lastKnownFileType = image.png; path = 06.png; sourceTree = "<group>"; };
		02CA1A662ACDB0C3004E9721 /* 07.png */ = {isa = PBXFileReference; lastKnownFileType = image.png; path = 07.png; sourceTree = "<group>"; };
		02CA1A682ACDBACA004E9721 /* 08.png */ = {isa = PBXFileReference; lastKnownFileType = image.png; path = 08.png; sourceTree = "<group>"; };
		02CA1A6A2ACDBDC9004E9721 /* 09.png */ = {isa = PBXFileReference; lastKnownFileType = image.png; path = 09.png; sourceTree = "<group>"; };
		02CA1A6C2ACDC6F1004E9721 /* 10.png */ = {isa = PBXFileReference; lastKnownFileType = image.png; path = 10.png; sourceTree = "<group>"; };
/* End PBXFileReference section */

/* Begin PBXFrameworksBuildPhase section */
		0272214E2AC91F7F0013832C /* Frameworks */ = {
			isa = PBXFrameworksBuildPhase;
			buildActionMask = 2147483647;
			files = (
			);
			runOnlyForDeploymentPostprocessing = 0;
		};
/* End PBXFrameworksBuildPhase section */

/* Begin PBXGroup section */
		027221482AC91F7F0013832C = {
			isa = PBXGroup;
			children = (
				027221682AC920C30013832C /* README.md */,
				029717492ACBB8E80057C555 /* img */,
				027221532AC91F7F0013832C /* Calculator */,
				027221522AC91F7F0013832C /* Products */,
			);
			sourceTree = "<group>";
		};
		027221522AC91F7F0013832C /* Products */ = {
			isa = PBXGroup;
			children = (
				027221512AC91F7F0013832C /* Calculator.app */,
			);
			name = Products;
			sourceTree = "<group>";
		};
		027221532AC91F7F0013832C /* Calculator */ = {
			isa = PBXGroup;
			children = (
				027221542AC91F7F0013832C /* AppDelegate.swift */,
				027221582AC91F7F0013832C /* ViewController.swift */,
				029717452ACBB0B60057C555 /* CalculatorViewController.swift */,
				026EFF882ACA5AF50086FE6A /* CalculatorButton.swift */,
				026507152ACE39E100F7C14E /* CalculatorBrain.swift */,
				0272215D2AC91F800013832C /* Assets.xcassets */,
				0272215F2AC91F800013832C /* LaunchScreen.storyboard */,
				027221622AC91F800013832C /* Info.plist */,
			);
			path = Calculator;
			sourceTree = "<group>";
		};
		029717492ACBB8E80057C555 /* img */ = {
			isa = PBXGroup;
			children = (
				029717472ACBB8D50057C555 /* 01.png */,
				0297174A2ACBBAB60057C555 /* 02.png */,
				0297174C2ACBBAF80057C555 /* 03.png */,
				0297174E2ACBBC290057C555 /* 04.png */,
				029717502ACBBC880057C555 /* 05.png */,
				029717522ACBBE590057C555 /* 06.png */,
				02CA1A662ACDB0C3004E9721 /* 07.png */,
				02CA1A682ACDBACA004E9721 /* 08.png */,
				02CA1A6A2ACDBDC9004E9721 /* 09.png */,
				02CA1A6C2ACDC6F1004E9721 /* 10.png */,
				026507112ACE286600F7C14E /* 11.png */,
				026507132ACE2A0E00F7C14E /* 12.png */,
			);
			path = img;
			sourceTree = "<group>";
		};
/* End PBXGroup section */

/* Begin PBXNativeTarget section */
		027221502AC91F7F0013832C /* Calculator */ = {
			isa = PBXNativeTarget;
			buildConfigurationList = 027221652AC91F800013832C /* Build configuration list for PBXNativeTarget "Calculator" */;
			buildPhases = (
				0272214D2AC91F7F0013832C /* Sources */,
				0272214E2AC91F7F0013832C /* Frameworks */,
				0272214F2AC91F7F0013832C /* Resources */,
			);
			buildRules = (
			);
			dependencies = (
			);
			name = Calculator;
			productName = Calculator;
			productReference = 027221512AC91F7F0013832C /* Calculator.app */;
			productType = "com.apple.product-type.application";
		};
/* End PBXNativeTarget section */

/* Begin PBXProject section */
		027221492AC91F7F0013832C /* Project object */ = {
			isa = PBXProject;
			attributes = {
				BuildIndependentTargetsInParallel = 1;
				LastSwiftUpdateCheck = 1500;
				LastUpgradeCheck = 1500;
				TargetAttributes = {
					027221502AC91F7F0013832C = {
						CreatedOnToolsVersion = 15.0;
					};
				};
			};
			buildConfigurationList = 0272214C2AC91F7F0013832C /* Build configuration list for PBXProject "Calculator" */;
			compatibilityVersion = "Xcode 14.0";
			developmentRegion = en;
			hasScannedForEncodings = 0;
			knownRegions = (
				en,
				Base,
			);
			mainGroup = 027221482AC91F7F0013832C;
			productRefGroup = 027221522AC91F7F0013832C /* Products */;
			projectDirPath = "";
			projectRoot = "";
			targets = (
				027221502AC91F7F0013832C /* Calculator */,
			);
		};
/* End PBXProject section */

/* Begin PBXResourcesBuildPhase section */
		0272214F2AC91F7F0013832C /* Resources */ = {
			isa = PBXResourcesBuildPhase;
			buildActionMask = 2147483647;
			files = (
				026507122ACE286600F7C14E /* 11.png in Resources */,
				0297174D2ACBBAF80057C555 /* 03.png in Resources */,
				026507142ACE2A0E00F7C14E /* 12.png in Resources */,
				029717512ACBBC880057C555 /* 05.png in Resources */,
				02CA1A6D2ACDC6F1004E9721 /* 10.png in Resources */,
				029717482ACBB8D50057C555 /* 01.png in Resources */,
				02CA1A672ACDB0C3004E9721 /* 07.png in Resources */,
				027221612AC91F800013832C /* LaunchScreen.storyboard in Resources */,
				02CA1A692ACDBACA004E9721 /* 08.png in Resources */,
				0297174F2ACBBC290057C555 /* 04.png in Resources */,
				0272215E2AC91F800013832C /* Assets.xcassets in Resources */,
				0297174B2ACBBAB60057C555 /* 02.png in Resources */,
				029717532ACBBE590057C555 /* 06.png in Resources */,
				02CA1A6B2ACDBDC9004E9721 /* 09.png in Resources */,
			);
			runOnlyForDeploymentPostprocessing = 0;
		};
/* End PBXResourcesBuildPhase section */

/* Begin PBXSourcesBuildPhase section */
		0272214D2AC91F7F0013832C /* Sources */ = {
			isa = PBXSourcesBuildPhase;
			buildActionMask = 2147483647;
			files = (
				027221592AC91F7F0013832C /* ViewController.swift in Sources */,
				026EFF892ACA5AF50086FE6A /* CalculatorButton.swift in Sources */,
				029717462ACBB0B60057C555 /* CalculatorViewController.swift in Sources */,
				026507162ACE39E100F7C14E /* CalculatorBrain.swift in Sources */,
				027221552AC91F7F0013832C /* AppDelegate.swift in Sources */,
			);
			runOnlyForDeploymentPostprocessing = 0;
		};
/* End PBXSourcesBuildPhase section */

/* Begin PBXVariantGroup section */
		0272215F2AC91F800013832C /* LaunchScreen.storyboard */ = {
			isa = PBXVariantGroup;
			children = (
				027221602AC91F800013832C /* Base */,
			);
			name = LaunchScreen.storyboard;
			sourceTree = "<group>";
		};
/* End PBXVariantGroup section */

/* Begin XCBuildConfiguration section */
		027221632AC91F800013832C /* Debug */ = {
			isa = XCBuildConfiguration;
			buildSettings = {
				ALWAYS_SEARCH_USER_PATHS = NO;
				ASSETCATALOG_COMPILER_GENERATE_SWIFT_ASSET_SYMBOL_EXTENSIONS = YES;
				CLANG_ANALYZER_NONNULL = YES;
				CLANG_ANALYZER_NUMBER_OBJECT_CONVERSION = YES_AGGRESSIVE;
				CLANG_CXX_LANGUAGE_STANDARD = "gnu++20";
				CLANG_ENABLE_MODULES = YES;
				CLANG_ENABLE_OBJC_ARC = YES;
				CLANG_ENABLE_OBJC_WEAK = YES;
				CLANG_WARN_BLOCK_CAPTURE_AUTORELEASING = YES;
				CLANG_WARN_BOOL_CONVERSION = YES;
				CLANG_WARN_COMMA = YES;
				CLANG_WARN_CONSTANT_CONVERSION = YES;
				CLANG_WARN_DEPRECATED_OBJC_IMPLEMENTATIONS = YES;
				CLANG_WARN_DIRECT_OBJC_ISA_USAGE = YES_ERROR;
				CLANG_WARN_DOCUMENTATION_COMMENTS = YES;
				CLANG_WARN_EMPTY_BODY = YES;
				CLANG_WARN_ENUM_CONVERSION = YES;
				CLANG_WARN_INFINITE_RECURSION = YES;
				CLANG_WARN_INT_CONVERSION = YES;
				CLANG_WARN_NON_LITERAL_NULL_CONVERSION = YES;
				CLANG_WARN_OBJC_IMPLICIT_RETAIN_SELF = YES;
				CLANG_WARN_OBJC_LITERAL_CONVERSION = YES;
				CLANG_WARN_OBJC_ROOT_CLASS = YES_ERROR;
				CLANG_WARN_QUOTED_INCLUDE_IN_FRAMEWORK_HEADER = YES;
				CLANG_WARN_RANGE_LOOP_ANALYSIS = YES;
				CLANG_WARN_STRICT_PROTOTYPES = YES;
				CLANG_WARN_SUSPICIOUS_MOVE = YES;
				CLANG_WARN_UNGUARDED_AVAILABILITY = YES_AGGRESSIVE;
				CLANG_WARN_UNREACHABLE_CODE = YES;
				CLANG_WARN__DUPLICATE_METHOD_MATCH = YES;
				COPY_PHASE_STRIP = NO;
				DEBUG_INFORMATION_FORMAT = dwarf;
				ENABLE_STRICT_OBJC_MSGSEND = YES;
				ENABLE_TESTABILITY = YES;
				ENABLE_USER_SCRIPT_SANDBOXING = YES;
				GCC_C_LANGUAGE_STANDARD = gnu17;
				GCC_DYNAMIC_NO_PIC = NO;
				GCC_NO_COMMON_BLOCKS = YES;
				GCC_OPTIMIZATION_LEVEL = 0;
				GCC_PREPROCESSOR_DEFINITIONS = (
					"DEBUG=1",
					"$(inherited)",
				);
				GCC_WARN_64_TO_32_BIT_CONVERSION = YES;
				GCC_WARN_ABOUT_RETURN_TYPE = YES_ERROR;
				GCC_WARN_UNDECLARED_SELECTOR = YES;
				GCC_WARN_UNINITIALIZED_AUTOS = YES_AGGRESSIVE;
				GCC_WARN_UNUSED_FUNCTION = YES;
				GCC_WARN_UNUSED_VARIABLE = YES;
				IPHONEOS_DEPLOYMENT_TARGET = 17.0;
				LOCALIZATION_PREFERS_STRING_CATALOGS = YES;
				MTL_ENABLE_DEBUG_INFO = INCLUDE_SOURCE;
				MTL_FAST_MATH = YES;
				ONLY_ACTIVE_ARCH = YES;
				SDKROOT = iphoneos;
				SWIFT_ACTIVE_COMPILATION_CONDITIONS = "DEBUG $(inherited)";
				SWIFT_OPTIMIZATION_LEVEL = "-Onone";
			};
			name = Debug;
		};
		027221642AC91F800013832C /* Release */ = {
			isa = XCBuildConfiguration;
			buildSettings = {
				ALWAYS_SEARCH_USER_PATHS = NO;
				ASSETCATALOG_COMPILER_GENERATE_SWIFT_ASSET_SYMBOL_EXTENSIONS = YES;
				CLANG_ANALYZER_NONNULL = YES;
				CLANG_ANALYZER_NUMBER_OBJECT_CONVERSION = YES_AGGRESSIVE;
				CLANG_CXX_LANGUAGE_STANDARD = "gnu++20";
				CLANG_ENABLE_MODULES = YES;
				CLANG_ENABLE_OBJC_ARC = YES;
				CLANG_ENABLE_OBJC_WEAK = YES;
				CLANG_WARN_BLOCK_CAPTURE_AUTORELEASING = YES;
				CLANG_WARN_BOOL_CONVERSION = YES;
				CLANG_WARN_COMMA = YES;
				CLANG_WARN_CONSTANT_CONVERSION = YES;
				CLANG_WARN_DEPRECATED_OBJC_IMPLEMENTATIONS = YES;
				CLANG_WARN_DIRECT_OBJC_ISA_USAGE = YES_ERROR;
				CLANG_WARN_DOCUMENTATION_COMMENTS = YES;
				CLANG_WARN_EMPTY_BODY = YES;
				CLANG_WARN_ENUM_CONVERSION = YES;
				CLANG_WARN_INFINITE_RECURSION = YES;
				CLANG_WARN_INT_CONVERSION = YES;
				CLANG_WARN_NON_LITERAL_NULL_CONVERSION = YES;
				CLANG_WARN_OBJC_IMPLICIT_RETAIN_SELF = YES;
				CLANG_WARN_OBJC_LITERAL_CONVERSION = YES;
				CLANG_WARN_OBJC_ROOT_CLASS = YES_ERROR;
				CLANG_WARN_QUOTED_INCLUDE_IN_FRAMEWORK_HEADER = YES;
				CLANG_WARN_RANGE_LOOP_ANALYSIS = YES;
				CLANG_WARN_STRICT_PROTOTYPES = YES;
				CLANG_WARN_SUSPICIOUS_MOVE = YES;
				CLANG_WARN_UNGUARDED_AVAILABILITY = YES_AGGRESSIVE;
				CLANG_WARN_UNREACHABLE_CODE = YES;
				CLANG_WARN__DUPLICATE_METHOD_MATCH = YES;
				COPY_PHASE_STRIP = NO;
				DEBUG_INFORMATION_FORMAT = "dwarf-with-dsym";
				ENABLE_NS_ASSERTIONS = NO;
				ENABLE_STRICT_OBJC_MSGSEND = YES;
				ENABLE_USER_SCRIPT_SANDBOXING = YES;
				GCC_C_LANGUAGE_STANDARD = gnu17;
				GCC_NO_COMMON_BLOCKS = YES;
				GCC_WARN_64_TO_32_BIT_CONVERSION = YES;
				GCC_WARN_ABOUT_RETURN_TYPE = YES_ERROR;
				GCC_WARN_UNDECLARED_SELECTOR = YES;
				GCC_WARN_UNINITIALIZED_AUTOS = YES_AGGRESSIVE;
				GCC_WARN_UNUSED_FUNCTION = YES;
				GCC_WARN_UNUSED_VARIABLE = YES;
				IPHONEOS_DEPLOYMENT_TARGET = 17.0;
				LOCALIZATION_PREFERS_STRING_CATALOGS = YES;
				MTL_ENABLE_DEBUG_INFO = NO;
				MTL_FAST_MATH = YES;
				SDKROOT = iphoneos;
				SWIFT_COMPILATION_MODE = wholemodule;
				VALIDATE_PRODUCT = YES;
			};
			name = Release;
		};
		027221662AC91F800013832C /* Debug */ = {
			isa = XCBuildConfiguration;
			buildSettings = {
				ASSETCATALOG_COMPILER_APPICON_NAME = AppIcon;
				ASSETCATALOG_COMPILER_GLOBAL_ACCENT_COLOR_NAME = AccentColor;
				CODE_SIGN_STYLE = Automatic;
				CURRENT_PROJECT_VERSION = 1;
				DEVELOPMENT_TEAM = 723HTEFHBA;
				GENERATE_INFOPLIST_FILE = YES;
				INFOPLIST_FILE = Calculator/Info.plist;
				INFOPLIST_KEY_UIApplicationSupportsIndirectInputEvents = YES;
				INFOPLIST_KEY_UILaunchStoryboardName = LaunchScreen;
				INFOPLIST_KEY_UISupportedInterfaceOrientations_iPad = "UIInterfaceOrientationPortrait UIInterfaceOrientationPortraitUpsideDown UIInterfaceOrientationLandscapeLeft UIInterfaceOrientationLandscapeRight";
				INFOPLIST_KEY_UISupportedInterfaceOrientations_iPhone = "UIInterfaceOrientationPortrait UIInterfaceOrientationLandscapeLeft UIInterfaceOrientationLandscapeRight";
				INFOPLIST_KEY_UIUserInterfaceStyle = Dark;
				LD_RUNPATH_SEARCH_PATHS = (
					"$(inherited)",
					"@executable_path/Frameworks",
				);
				MARKETING_VERSION = 1.0;
				PRODUCT_BUNDLE_IDENTIFIER = ru.fibeapp.Calculator;
				PRODUCT_NAME = "$(TARGET_NAME)";
				SWIFT_EMIT_LOC_STRINGS = YES;
				SWIFT_VERSION = 5.0;
				TARGETED_DEVICE_FAMILY = "1,2";
			};
			name = Debug;
		};
		027221672AC91F800013832C /* Release */ = {
			isa = XCBuildConfiguration;
			buildSettings = {
				ASSETCATALOG_COMPILER_APPICON_NAME = AppIcon;
				ASSETCATALOG_COMPILER_GLOBAL_ACCENT_COLOR_NAME = AccentColor;
				CODE_SIGN_STYLE = Automatic;
				CURRENT_PROJECT_VERSION = 1;
				DEVELOPMENT_TEAM = 723HTEFHBA;
				GENERATE_INFOPLIST_FILE = YES;
				INFOPLIST_FILE = Calculator/Info.plist;
				INFOPLIST_KEY_UIApplicationSupportsIndirectInputEvents = YES;
				INFOPLIST_KEY_UILaunchStoryboardName = LaunchScreen;
				INFOPLIST_KEY_UISupportedInterfaceOrientations_iPad = "UIInterfaceOrientationPortrait UIInterfaceOrientationPortraitUpsideDown UIInterfaceOrientationLandscapeLeft UIInterfaceOrientationLandscapeRight";
				INFOPLIST_KEY_UISupportedInterfaceOrientations_iPhone = "UIInterfaceOrientationPortrait UIInterfaceOrientationLandscapeLeft UIInterfaceOrientationLandscapeRight";
				INFOPLIST_KEY_UIUserInterfaceStyle = Dark;
				LD_RUNPATH_SEARCH_PATHS = (
					"$(inherited)",
					"@executable_path/Frameworks",
				);
				MARKETING_VERSION = 1.0;
				PRODUCT_BUNDLE_IDENTIFIER = ru.fibeapp.Calculator;
				PRODUCT_NAME = "$(TARGET_NAME)";
				SWIFT_EMIT_LOC_STRINGS = YES;
				SWIFT_VERSION = 5.0;
				TARGETED_DEVICE_FAMILY = "1,2";
			};
			name = Release;
		};
/* End XCBuildConfiguration section */

/* Begin XCConfigurationList section */
		0272214C2AC91F7F0013832C /* Build configuration list for PBXProject "Calculator" */ = {
			isa = XCConfigurationList;
			buildConfigurations = (
				027221632AC91F800013832C /* Debug */,
				027221642AC91F800013832C /* Release */,
			);
			defaultConfigurationIsVisible = 0;
			defaultConfigurationName = Release;
		};
		027221652AC91F800013832C /* Build configuration list for PBXNativeTarget "Calculator" */ = {
			isa = XCConfigurationList;
			buildConfigurations = (
				027221662AC91F800013832C /* Debug */,
				027221672AC91F800013832C /* Release */,
			);
			defaultConfigurationIsVisible = 0;
			defaultConfigurationName = Release;
		};
/* End XCConfigurationList section */
	};
	rootObject = 027221492AC91F7F0013832C /* Project object */;
}
